
Microsoft Visual Studio Solution File, Format Version 12.00
# Visual Studio 14
VisualStudioVersion = 14.0.24720.0
MinimumVisualStudioVersion = 10.0.40219.1
Project("{FAE04EC0-301F-11D3-BF4B-00C04F79EFBC}") = "nx2-typescript-01", "nx2-typescript-01\nx2-typescript-01.csproj", "{E14C06C5-BF3B-433E-9886-9E5CC6409721}"
EndProject
Project("{FAE04EC0-301F-11D3-BF4B-00C04F79EFBC}") = "nx2-angular-01-tour-of-heroes", "nx2-angular-02\nx2-angular-01-tour-of-heroes.csproj", "{22262F7D-8AF7-4D2A-B644-E27D282204EE}"
EndProject
Global
	GlobalSection(SolutionConfigurationPlatforms) = preSolution
		Debug|Any CPU = Debug|Any CPU
		Release|Any CPU = Release|Any CPU
	EndGlobalSection
	GlobalSection(ProjectConfigurationPlatforms) = postSolution
		{E14C06C5-BF3B-433E-9886-9E5CC6409721}.Debug|Any CPU.ActiveCfg = Debug|Any CPU
		{E14C06C5-BF3B-433E-9886-9E5CC6409721}.Debug|Any CPU.Build.0 = Debug|Any CPU
		{E14C06C5-BF3B-433E-9886-9E5CC6409721}.Release|Any CPU.ActiveCfg = Release|Any CPU
		{E14C06C5-BF3B-433E-9886-9E5CC6409721}.Release|Any CPU.Build.0 = Release|Any CPU
		{22262F7D-8AF7-4D2A-B644-E27D282204EE}.Debug|Any CPU.ActiveCfg = Debug|Any CPU
		{22262F7D-8AF7-4D2A-B644-E27D282204EE}.Debug|Any CPU.Build.0 = Debug|Any CPU
		{22262F7D-8AF7-4D2A-B644-E27D282204EE}.Release|Any CPU.ActiveCfg = Release|Any CPU
		{22262F7D-8AF7-4D2A-B644-E27D282204EE}.Release|Any CPU.Build.0 = Release|Any CPU
	EndGlobalSection
	GlobalSection(SolutionProperties) = preSolution
		HideSolutionNode = FALSE
	EndGlobalSection
EndGlobal
